
Microsoft Visual Studio Solution File, Format Version 12.00
# Visual Studio Version 17
VisualStudioVersion = 17.0.32014.148
MinimumVisualStudioVersion = 10.0.40219.1
Project("{FAE04EC0-301F-11D3-BF4B-00C04F79EFBC}") = "ADFv2QuickStart", "ADFv2QuickStart.csproj", "{28552B75-A33F-4236-9380-29E79A67F279}"
EndProject
Global
	GlobalSection(SolutionConfigurationPlatforms) = preSolution
		Debug|Any CPU = Debug|Any CPU
		Release|Any CPU = Release|Any CPU
	EndGlobalSection
	GlobalSection(ProjectConfigurationPlatforms) = postSolution
		{28552B75-A33F-4236-9380-29E79A67F279}.Debug|Any CPU.ActiveCfg = Debug|Any CPU
		{28552B75-A33F-4236-9380-29E79A67F279}.Debug|Any CPU.Build.0 = Debug|Any CPU
		{28552B75-A33F-4236-9380-29E79A67F279}.Release|Any CPU.ActiveCfg = Release|Any CPU
		{28552B75-A33F-4236-9380-29E79A67F279}.Release|Any CPU.Build.0 = Release|Any CPU
	EndGlobalSection
	GlobalSection(SolutionProperties) = preSolution
		HideSolutionNode = FALSE
	EndGlobalSection
	GlobalSection(ExtensibilityGlobals) = postSolution
		SolutionGuid = {E6777A9E-B45F-4DF0-8B2D-F16B048F3239}
	EndGlobalSection
EndGlobal
